
Microsoft Visual Studio Solution File, Format Version 12.00
# Visual Studio 15
Project("{FAE04EC0-301F-11D3-BF4B-00C04F79EFBC}") = "RougeLikeSharp", "RougeLikeSharp.csproj", "{37D7AA42-3CF6-4AF5-8283-6F2FA65EF633}"
EndProject
Global
	GlobalSection(SolutionConfigurationPlatforms) = preSolution
		Debug|anycpu = Debug|anycpu
		Release|anycpu = Release|anycpu
	EndGlobalSection
	GlobalSection(ProjectConfigurationPlatforms) = postSolution
		{37D7AA42-3CF6-4AF5-8283-6F2FA65EF633}.Debug|anycpu.ActiveCfg = Debug|anycpu
		{37D7AA42-3CF6-4AF5-8283-6F2FA65EF633}.Debug|anycpu.Build.0 = Debug|anycpu
		{37D7AA42-3CF6-4AF5-8283-6F2FA65EF633}.Release|anycpu.ActiveCfg = Release|anycpu
		{37D7AA42-3CF6-4AF5-8283-6F2FA65EF633}.Release|anycpu.Build.0 = Release|anycpu
	EndGlobalSection
EndGlobal
